
Microsoft Visual Studio Solution File, Format Version 12.00
# Visual Studio Version 17
VisualStudioVersion = 17.3.32901.215
MinimumVisualStudioVersion = 10.0.40219.1
Project("{9A19103F-16F7-4668-BE54-9A1E7A4F7556}") = "CSVReader", "Lab9\CSVReader.csproj", "{7B1EF9E4-60EB-4BBF-9C2B-55CC36DFE01E}"
EndProject
Project("{9A19103F-16F7-4668-BE54-9A1E7A4F7556}") = "JSONReader", "JSONReader\JSONReader.csproj", "{ECD831AB-6D92-491A-A33D-C0DCC6B25A64}"
EndProject
Project("{FAE04EC0-301F-11D3-BF4B-00C04F79EFBC}") = "BitMapReader", "BitMapReader\BitMapReader.csproj", "{7BBB6FAB-612B-4E1B-BF61-86E20C5B67A8}"
EndProject
Project("{FAE04EC0-301F-11D3-BF4B-00C04F79EFBC}") = "Repost", "Repost\Repost.csproj", "{9602FD60-499B-4C97-A433-5E4420780E3E}"
EndProject
Global
	GlobalSection(SolutionConfigurationPlatforms) = preSolution
		Debug|Any CPU = Debug|Any CPU
		Release|Any CPU = Release|Any CPU
	EndGlobalSection
	GlobalSection(ProjectConfigurationPlatforms) = postSolution
		{7B1EF9E4-60EB-4BBF-9C2B-55CC36DFE01E}.Debug|Any CPU.ActiveCfg = Debug|Any CPU
		{7B1EF9E4-60EB-4BBF-9C2B-55CC36DFE01E}.Debug|Any CPU.Build.0 = Debug|Any CPU
		{7B1EF9E4-60EB-4BBF-9C2B-55CC36DFE01E}.Release|Any CPU.ActiveCfg = Release|Any CPU
		{7B1EF9E4-60EB-4BBF-9C2B-55CC36DFE01E}.Release|Any CPU.Build.0 = Release|Any CPU
		{ECD831AB-6D92-491A-A33D-C0DCC6B25A64}.Debug|Any CPU.ActiveCfg = Debug|Any CPU
		{ECD831AB-6D92-491A-A33D-C0DCC6B25A64}.Debug|Any CPU.Build.0 = Debug|Any CPU
		{ECD831AB-6D92-491A-A33D-C0DCC6B25A64}.Release|Any CPU.ActiveCfg = Release|Any CPU
		{ECD831AB-6D92-491A-A33D-C0DCC6B25A64}.Release|Any CPU.Build.0 = Release|Any CPU
		{7BBB6FAB-612B-4E1B-BF61-86E20C5B67A8}.Debug|Any CPU.ActiveCfg = Debug|Any CPU
		{7BBB6FAB-612B-4E1B-BF61-86E20C5B67A8}.Debug|Any CPU.Build.0 = Debug|Any CPU
		{7BBB6FAB-612B-4E1B-BF61-86E20C5B67A8}.Release|Any CPU.ActiveCfg = Release|Any CPU
		{7BBB6FAB-612B-4E1B-BF61-86E20C5B67A8}.Release|Any CPU.Build.0 = Release|Any CPU
		{9602FD60-499B-4C97-A433-5E4420780E3E}.Debug|Any CPU.ActiveCfg = Debug|Any CPU
		{9602FD60-499B-4C97-A433-5E4420780E3E}.Debug|Any CPU.Build.0 = Debug|Any CPU
		{9602FD60-499B-4C97-A433-5E4420780E3E}.Release|Any CPU.ActiveCfg = Release|Any CPU
		{9602FD60-499B-4C97-A433-5E4420780E3E}.Release|Any CPU.Build.0 = Release|Any CPU
	EndGlobalSection
	GlobalSection(SolutionProperties) = preSolution
		HideSolutionNode = FALSE
	EndGlobalSection
	GlobalSection(ExtensibilityGlobals) = postSolution
		SolutionGuid = {FF662856-DF05-4C27-9269-A60FD7B2D656}
	EndGlobalSection
EndGlobal
